// !$*UTF8*$!
{
	archiveVersion = 1;
	classes = {
	};
	objectVersion = 77;
	objects = {

/* Begin PBXBuildFile section */
		43A0EF840955AACF39594145 /* README.md in Resources */ = {isa = PBXBuildFile; fileRef = 200666F3A9354C6283209143 /* README.md */; };
		5C7172340B18FCEE301CD4E0 /* HoloIrohApp in Frameworks */ = {isa = PBXBuildFile; productRef = E27593FFC46C4F8E3A76E85D /* HoloIrohApp */; };
		6CE8D24DD40BCC8C730CEF2B /* AppShellPlaceholder.swift in Sources */ = {isa = PBXBuildFile; fileRef = 8A47D50700B5EB2A1C5C141B /* AppShellPlaceholder.swift */; };
		EC9679F4117A05FDFDF5B38F /* HoloIrohRemoteInputWitnessTests.swift in Sources */ = {isa = PBXBuildFile; fileRef = 268940BED928CCE2DA355C14 /* HoloIrohRemoteInputWitnessTests.swift */; };
/* End PBXBuildFile section */

/* Begin PBXContainerItemProxy section */
		F39CF3ED9C82005BF24554C3 /* PBXContainerItemProxy */ = {
			isa = PBXContainerItemProxy;
			containerPortal = 6E8B010370C277D3BBA15238 /* Project object */;
			proxyType = 1;
			remoteGlobalIDString = 86C2F348EFEB7E7B71BD89AE;
			remoteInfo = HoloIroh;
		};
/* End PBXContainerItemProxy section */

/* Begin PBXFileReference section */
		149444068ED51E517BF32F1F /* HoloIroh.app */ = {isa = PBXFileReference; includeInIndex = 0; lastKnownFileType = wrapper.application; path = HoloIroh.app; sourceTree = BUILT_PRODUCTS_DIR; };
		200666F3A9354C6283209143 /* README.md */ = {isa = PBXFileReference; lastKnownFileType = net.daringfireball.markdown; path = README.md; sourceTree = "<group>"; };
		268940BED928CCE2DA355C14 /* HoloIrohRemoteInputWitnessTests.swift */ = {isa = PBXFileReference; lastKnownFileType = sourcecode.swift; path = HoloIrohRemoteInputWitnessTests.swift; sourceTree = "<group>"; };
		80F8FA7DC2802F0083E27102 /* ios */ = {isa = PBXFileReference; lastKnownFileType = folder; name = ios; path = ..; sourceTree = SOURCE_ROOT; };
		8A47D50700B5EB2A1C5C141B /* AppShellPlaceholder.swift */ = {isa = PBXFileReference; lastKnownFileType = sourcecode.swift; path = AppShellPlaceholder.swift; sourceTree = "<group>"; };
		DCFC1AF612B02BD716D34CC5 /* HoloIrohUITests.xctest */ = {isa = PBXFileReference; includeInIndex = 0; lastKnownFileType = wrapper.cfbundle; path = HoloIrohUITests.xctest; sourceTree = BUILT_PRODUCTS_DIR; };
/* End PBXFileReference section */

/* Begin PBXFrameworksBuildPhase section */
		454277B3497E1F003AC30259 /* Frameworks */ = {
			isa = PBXFrameworksBuildPhase;
			buildActionMask = 2147483647;
			files = (
				5C7172340B18FCEE301CD4E0 /* HoloIrohApp in Frameworks */,
			);
			runOnlyForDeploymentPostprocessing = 0;
		};
/* End PBXFrameworksBuildPhase section */

/* Begin PBXGroup section */
		1A0B8DFD06F8E6F279AEA913 /* UITests */ = {
			isa = PBXGroup;
			children = (
				268940BED928CCE2DA355C14 /* HoloIrohRemoteInputWitnessTests.swift */,
				200666F3A9354C6283209143 /* README.md */,
			);
			name = UITests;
			path = ../UITests;
			sourceTree = "<group>";
		};
		85E49C681DC0CF04EAF82965 /* Sources */ = {
			isa = PBXGroup;
			children = (
				8A47D50700B5EB2A1C5C141B /* AppShellPlaceholder.swift */,
			);
			path = Sources;
			sourceTree = "<group>";
		};
		B7962D3A361AA27257D0D802 = {
			isa = PBXGroup;
			children = (
				D4F85161BBB07B8D5169E80B /* Packages */,
				85E49C681DC0CF04EAF82965 /* Sources */,
				1A0B8DFD06F8E6F279AEA913 /* UITests */,
				D9A449F00F12024CE9C9C9E9 /* Products */,
			);
			sourceTree = "<group>";
		};
		D4F85161BBB07B8D5169E80B /* Packages */ = {
			isa = PBXGroup;
			children = (
				80F8FA7DC2802F0083E27102 /* ios */,
			);
			name = Packages;
			sourceTree = "<group>";
		};
		D9A449F00F12024CE9C9C9E9 /* Products */ = {
			isa = PBXGroup;
			children = (
				149444068ED51E517BF32F1F /* HoloIroh.app */,
				DCFC1AF612B02BD716D34CC5 /* HoloIrohUITests.xctest */,
			);
			name = Products;
			sourceTree = "<group>";
		};
/* End PBXGroup section */

/* Begin PBXNativeTarget section */
		86C2F348EFEB7E7B71BD89AE /* HoloIroh */ = {
			isa = PBXNativeTarget;
			buildConfigurationList = 4C577701E1F1B2BCBB3A8C12 /* Build configuration list for PBXNativeTarget "HoloIroh" */;
			buildPhases = (
				5F5BE2DA126B080001E1AF1F /* Sources */,
				454277B3497E1F003AC30259 /* Frameworks */,
			);
			buildRules = (
			);
			dependencies = (
			);
			name = HoloIroh;
			packageProductDependencies = (
				E27593FFC46C4F8E3A76E85D /* HoloIrohApp */,
			);
			productName = HoloIroh;
			productReference = 149444068ED51E517BF32F1F /* HoloIroh.app */;
			productType = "com.apple.product-type.application";
		};
		9E401D4B07D6494922B85C9A /* HoloIrohUITests */ = {
			isa = PBXNativeTarget;
			buildConfigurationList = 0A8ED94A9D47F7A7EAD13F4C /* Build configuration list for PBXNativeTarget "HoloIrohUITests" */;
			buildPhases = (
				BA92EEBF3696A1DB29A27E52 /* Sources */,
				E6096E91050F24FFA73E73A7 /* Resources */,
			);
			buildRules = (
			);
			dependencies = (
				5E44AC82CBF8AFA9651F236C /* PBXTargetDependency */,
			);
			name = HoloIrohUITests;
			packageProductDependencies = (
			);
			productName = HoloIrohUITests;
			productReference = DCFC1AF612B02BD716D34CC5 /* HoloIrohUITests.xctest */;
			productType = "com.apple.product-type.bundle.ui-testing";
		};
/* End PBXNativeTarget section */

/* Begin PBXProject section */
		6E8B010370C277D3BBA15238 /* Project object */ = {
			isa = PBXProject;
			attributes = {
				BuildIndependentTargetsInParallel = YES;
				LastUpgradeCheck = 1430;
				TargetAttributes = {
					86C2F348EFEB7E7B71BD89AE = {
						DevelopmentTeam = XBBQ2LGY3K;
						ProvisioningStyle = Automatic;
					};
					9E401D4B07D6494922B85C9A = {
						DevelopmentTeam = XBBQ2LGY3K;
						ProvisioningStyle = Automatic;
						TestTargetID = 86C2F348EFEB7E7B71BD89AE;
					};
				};
			};
			buildConfigurationList = DA8CE6B831480D898AB91E6D /* Build configuration list for PBXProject "HoloIroh" */;
			developmentRegion = en;
			hasScannedForEncodings = 0;
			knownRegions = (
				Base,
				en,
			);
			mainGroup = B7962D3A361AA27257D0D802;
			minimizedProjectReferenceProxies = 1;
			packageReferences = (
				FF7050C5A51CACA33FA17E79 /* XCLocalSwiftPackageReference ".." */,
			);
			preferredProjectObjectVersion = 77;
			productRefGroup = D9A449F00F12024CE9C9C9E9 /* Products */;
			projectDirPath = "";
			projectRoot = "";
			targets = (
				86C2F348EFEB7E7B71BD89AE /* HoloIroh */,
				9E401D4B07D6494922B85C9A /* HoloIrohUITests */,
			);
		};
/* End PBXProject section */

/* Begin PBXResourcesBuildPhase section */
		E6096E91050F24FFA73E73A7 /* Resources */ = {
			isa = PBXResourcesBuildPhase;
			buildActionMask = 2147483647;
			files = (
				43A0EF840955AACF39594145 /* README.md in Resources */,
			);
			runOnlyForDeploymentPostprocessing = 0;
		};
/* End PBXResourcesBuildPhase section */

/* Begin PBXSourcesBuildPhase section */
		5F5BE2DA126B080001E1AF1F /* Sources */ = {
			isa = PBXSourcesBuildPhase;
			buildActionMask = 2147483647;
			files = (
				6CE8D24DD40BCC8C730CEF2B /* AppShellPlaceholder.swift in Sources */,
			);
			runOnlyForDeploymentPostprocessing = 0;
		};
		BA92EEBF3696A1DB29A27E52 /* Sources */ = {
			isa = PBXSourcesBuildPhase;
			buildActionMask = 2147483647;
			files = (
				EC9679F4117A05FDFDF5B38F /* HoloIrohRemoteInputWitnessTests.swift in Sources */,
			);
			runOnlyForDeploymentPostprocessing = 0;
		};
/* End PBXSourcesBuildPhase section */

/* Begin PBXTargetDependency section */
		5E44AC82CBF8AFA9651F236C /* PBXTargetDependency */ = {
			isa = PBXTargetDependency;
			target = 86C2F348EFEB7E7B71BD89AE /* HoloIroh */;
			targetProxy = F39CF3ED9C82005BF24554C3 /* PBXContainerItemProxy */;
		};
/* End PBXTargetDependency section */

/* Begin XCBuildConfiguration section */
		63272850D1592B5B9F1941BC /* Release */ = {
			isa = XCBuildConfiguration;
			buildSettings = {
				BUNDLE_LOADER = "$(TEST_HOST)";
				CODE_SIGN_STYLE = Automatic;
				DEVELOPMENT_TEAM = XBBQ2LGY3K;
				GENERATE_INFOPLIST_FILE = YES;
				IPHONEOS_DEPLOYMENT_TARGET = 17.0;
				LD_RUNPATH_SEARCH_PATHS = (
					"$(inherited)",
					"@executable_path/Frameworks",
					"@loader_path/Frameworks",
				);
				PRODUCT_BUNDLE_IDENTIFIER = com.holoiroh.HoloIrohUITests;
				SDKROOT = iphoneos;
				SWIFT_VERSION = 5.0;
				TARGETED_DEVICE_FAMILY = 2;
				TEST_TARGET_NAME = HoloIroh;
			};
			name = Release;
		};
		DACF0316F0667901995DAEE8 /* Debug */ = {
			isa = XCBuildConfiguration;
			buildSettings = {
				ASSETCATALOG_COMPILER_APPICON_NAME = AppIcon;
				CODE_SIGN_IDENTITY = "iPhone Developer";
				CODE_SIGN_STYLE = Automatic;
				DEVELOPMENT_TEAM = XBBQ2LGY3K;
				INFOPLIST_FILE = Info.plist;
				LD_RUNPATH_SEARCH_PATHS = (
					"$(inherited)",
					"@executable_path/Frameworks",
				);
				OTHER_LDFLAGS = "-lc++";
				PRODUCT_BUNDLE_IDENTIFIER = com.holoiroh.HoloIroh;
				SDKROOT = iphoneos;
				SWIFT_VERSION = 5.0;
				TARGETED_DEVICE_FAMILY = "1,2";
			};
			name = Debug;
		};
		DE0A7206192016300A08E8B3 /* Debug */ = {
			isa = XCBuildConfiguration;
			buildSettings = {
				BUNDLE_LOADER = "$(TEST_HOST)";
				CODE_SIGN_STYLE = Automatic;
				DEVELOPMENT_TEAM = XBBQ2LGY3K;
				GENERATE_INFOPLIST_FILE = YES;
				IPHONEOS_DEPLOYMENT_TARGET = 17.0;
				LD_RUNPATH_SEARCH_PATHS = (
					"$(inherited)",
					"@executable_path/Frameworks",
					"@loader_path/Frameworks",
				);
				PRODUCT_BUNDLE_IDENTIFIER = com.holoiroh.HoloIrohUITests;
				SDKROOT = iphoneos;
				SWIFT_VERSION = 5.0;
				TARGETED_DEVICE_FAMILY = 2;
				TEST_TARGET_NAME = HoloIroh;
			};
			name = Debug;
		};
		F433F5D8C2290F2C922139C1 /* Debug */ = {
			isa = XCBuildConfiguration;
			buildSettings = {
				ALWAYS_SEARCH_USER_PATHS = NO;
				CLANG_ANALYZER_NONNULL = YES;
				CLANG_ANALYZER_NUMBER_OBJECT_CONVERSION = YES_AGGRESSIVE;
				CLANG_CXX_LANGUAGE_STANDARD = "gnu++14";
				CLANG_CXX_LIBRARY = "libc++";
				CLANG_ENABLE_MODULES = YES;
				CLANG_ENABLE_OBJC_ARC = YES;
				CLANG_ENABLE_OBJC_WEAK = YES;
				CLANG_WARN_BLOCK_CAPTURE_AUTORELEASING = YES;
				CLANG_WARN_BOOL_CONVERSION = YES;
				CLANG_WARN_COMMA = YES;
				CLANG_WARN_CONSTANT_CONVERSION = YES;
				CLANG_WARN_DEPRECATED_OBJC_IMPLEMENTATIONS = YES;
				CLANG_WARN_DIRECT_OBJC_ISA_USAGE = YES_ERROR;
				CLANG_WARN_DOCUMENTATION_COMMENTS = YES;
				CLANG_WARN_EMPTY_BODY = YES;
				CLANG_WARN_ENUM_CONVERSION = YES;
				CLANG_WARN_INFINITE_RECURSION = YES;
				CLANG_WARN_INT_CONVERSION = YES;
				CLANG_WARN_NON_LITERAL_NULL_CONVERSION = YES;
				CLANG_WARN_OBJC_IMPLICIT_RETAIN_SELF = YES;
				CLANG_WARN_OBJC_LITERAL_CONVERSION = YES;
				CLANG_WARN_OBJC_ROOT_CLASS = YES_ERROR;
				CLANG_WARN_QUOTED_INCLUDE_IN_FRAMEWORK_HEADER = YES;
				CLANG_WARN_RANGE_LOOP_ANALYSIS = YES;
				CLANG_WARN_STRICT_PROTOTYPES = YES;
				CLANG_WARN_SUSPICIOUS_MOVE = YES;
				CLANG_WARN_UNGUARDED_AVAILABILITY = YES_AGGRESSIVE;
				CLANG_WARN_UNREACHABLE_CODE = YES;
				CLANG_WARN__DUPLICATE_METHOD_MATCH = YES;
				COPY_PHASE_STRIP = NO;
				DEBUG_INFORMATION_FORMAT = dwarf;
				ENABLE_STRICT_OBJC_MSGSEND = YES;
				ENABLE_TESTABILITY = YES;
				GCC_C_LANGUAGE_STANDARD = gnu11;
				GCC_DYNAMIC_NO_PIC = NO;
				GCC_NO_COMMON_BLOCKS = YES;
				GCC_OPTIMIZATION_LEVEL = 0;
				GCC_PREPROCESSOR_DEFINITIONS = (
					"$(inherited)",
					"DEBUG=1",
				);
				GCC_WARN_64_TO_32_BIT_CONVERSION = YES;
				GCC_WARN_ABOUT_RETURN_TYPE = YES_ERROR;
				GCC_WARN_UNDECLARED_SELECTOR = YES;
				GCC_WARN_UNINITIALIZED_AUTOS = YES_AGGRESSIVE;
				GCC_WARN_UNUSED_FUNCTION = YES;
				GCC_WARN_UNUSED_VARIABLE = YES;
				IPHONEOS_DEPLOYMENT_TARGET = 17.0;
				MTL_ENABLE_DEBUG_INFO = INCLUDE_SOURCE;
				MTL_FAST_MATH = YES;
				ONLY_ACTIVE_ARCH = YES;
				PRODUCT_NAME = "$(TARGET_NAME)";
				SDKROOT = iphoneos;
				SWIFT_ACTIVE_COMPILATION_CONDITIONS = DEBUG;
				SWIFT_OPTIMIZATION_LEVEL = "-Onone";
				SWIFT_VERSION = 5.0;
			};
			name = Debug;
		};
		F8E9166159BAD76CB2099A70 /* Release */ = {
			isa = XCBuildConfiguration;
			buildSettings = {
				ASSETCATALOG_COMPILER_APPICON_NAME = AppIcon;
				CODE_SIGN_IDENTITY = "iPhone Developer";
				CODE_SIGN_STYLE = Automatic;
				DEVELOPMENT_TEAM = XBBQ2LGY3K;
				INFOPLIST_FILE = Info.plist;
				LD_RUNPATH_SEARCH_PATHS = (
					"$(inherited)",
					"@executable_path/Frameworks",
				);
				OTHER_LDFLAGS = "-lc++";
				PRODUCT_BUNDLE_IDENTIFIER = com.holoiroh.HoloIroh;
				SDKROOT = iphoneos;
				SWIFT_VERSION = 5.0;
				TARGETED_DEVICE_FAMILY = "1,2";
			};
			name = Release;
		};
		FBDA32E0FECF1F6D650745E1 /* Release */ = {
			isa = XCBuildConfiguration;
			buildSettings = {
				ALWAYS_SEARCH_USER_PATHS = NO;
				CLANG_ANALYZER_NONNULL = YES;
				CLANG_ANALYZER_NUMBER_OBJECT_CONVERSION = YES_AGGRESSIVE;
				CLANG_CXX_LANGUAGE_STANDARD = "gnu++14";
				CLANG_CXX_LIBRARY = "libc++";
				CLANG_ENABLE_MODULES = YES;
				CLANG_ENABLE_OBJC_ARC = YES;
				CLANG_ENABLE_OBJC_WEAK = YES;
				CLANG_WARN_BLOCK_CAPTURE_AUTORELEASING = YES;
				CLANG_WARN_BOOL_CONVERSION = YES;
				CLANG_WARN_COMMA = YES;
				CLANG_WARN_CONSTANT_CONVERSION = YES;
				CLANG_WARN_DEPRECATED_OBJC_IMPLEMENTATIONS = YES;
				CLANG_WARN_DIRECT_OBJC_ISA_USAGE = YES_ERROR;
				CLANG_WARN_DOCUMENTATION_COMMENTS = YES;
				CLANG_WARN_EMPTY_BODY = YES;
				CLANG_WARN_ENUM_CONVERSION = YES;
				CLANG_WARN_INFINITE_RECURSION = YES;
				CLANG_WARN_INT_CONVERSION = YES;
				CLANG_WARN_NON_LITERAL_NULL_CONVERSION = YES;
				CLANG_WARN_OBJC_IMPLICIT_RETAIN_SELF = YES;
				CLANG_WARN_OBJC_LITERAL_CONVERSION = YES;
				CLANG_WARN_OBJC_ROOT_CLASS = YES_ERROR;
				CLANG_WARN_QUOTED_INCLUDE_IN_FRAMEWORK_HEADER = YES;
				CLANG_WARN_RANGE_LOOP_ANALYSIS = YES;
				CLANG_WARN_STRICT_PROTOTYPES = YES;
				CLANG_WARN_SUSPICIOUS_MOVE = YES;
				CLANG_WARN_UNGUARDED_AVAILABILITY = YES_AGGRESSIVE;
				CLANG_WARN_UNREACHABLE_CODE = YES;
				CLANG_WARN__DUPLICATE_METHOD_MATCH = YES;
				COPY_PHASE_STRIP = NO;
				DEBUG_INFORMATION_FORMAT = "dwarf-with-dsym";
				ENABLE_NS_ASSERTIONS = NO;
				ENABLE_STRICT_OBJC_MSGSEND = YES;
				GCC_C_LANGUAGE_STANDARD = gnu11;
				GCC_NO_COMMON_BLOCKS = YES;
				GCC_WARN_64_TO_32_BIT_CONVERSION = YES;
				GCC_WARN_ABOUT_RETURN_TYPE = YES_ERROR;
				GCC_WARN_UNDECLARED_SELECTOR = YES;
				GCC_WARN_UNINITIALIZED_AUTOS = YES_AGGRESSIVE;
				GCC_WARN_UNUSED_FUNCTION = YES;
				GCC_WARN_UNUSED_VARIABLE = YES;
				IPHONEOS_DEPLOYMENT_TARGET = 17.0;
				MTL_ENABLE_DEBUG_INFO = NO;
				MTL_FAST_MATH = YES;
				PRODUCT_NAME = "$(TARGET_NAME)";
				SDKROOT = iphoneos;
				SWIFT_COMPILATION_MODE = wholemodule;
				SWIFT_OPTIMIZATION_LEVEL = "-O";
				SWIFT_VERSION = 5.0;
			};
			name = Release;
		};
/* End XCBuildConfiguration section */

/* Begin XCConfigurationList section */
		0A8ED94A9D47F7A7EAD13F4C /* Build configuration list for PBXNativeTarget "HoloIrohUITests" */ = {
			isa = XCConfigurationList;
			buildConfigurations = (
				DE0A7206192016300A08E8B3 /* Debug */,
				63272850D1592B5B9F1941BC /* Release */,
			);
			defaultConfigurationIsVisible = 0;
			defaultConfigurationName = Debug;
		};
		4C577701E1F1B2BCBB3A8C12 /* Build configuration list for PBXNativeTarget "HoloIroh" */ = {
			isa = XCConfigurationList;
			buildConfigurations = (
				DACF0316F0667901995DAEE8 /* Debug */,
				F8E9166159BAD76CB2099A70 /* Release */,
			);
			defaultConfigurationIsVisible = 0;
			defaultConfigurationName = Debug;
		};
		DA8CE6B831480D898AB91E6D /* Build configuration list for PBXProject "HoloIroh" */ = {
			isa = XCConfigurationList;
			buildConfigurations = (
				F433F5D8C2290F2C922139C1 /* Debug */,
				FBDA32E0FECF1F6D650745E1 /* Release */,
			);
			defaultConfigurationIsVisible = 0;
			defaultConfigurationName = Debug;
		};
/* End XCConfigurationList section */

/* Begin XCLocalSwiftPackageReference section */
		FF7050C5A51CACA33FA17E79 /* XCLocalSwiftPackageReference ".." */ = {
			isa = XCLocalSwiftPackageReference;
			relativePath = ..;
		};
/* End XCLocalSwiftPackageReference section */

/* Begin XCSwiftPackageProductDependency section */
		E27593FFC46C4F8E3A76E85D /* HoloIrohApp */ = {
			isa = XCSwiftPackageProductDependency;
			productName = HoloIrohApp;
		};
/* End XCSwiftPackageProductDependency section */
	};
	rootObject = 6E8B010370C277D3BBA15238 /* Project object */;
}
