<?xml version="1.0" encoding="UTF-8"?>
<Scheme
   LastUpgradeVersion = "1430"
   version = "1.7">
   <BuildAction
      parallelizeBuildables = "YES"
      buildImplicitDependencies = "YES"
      runPostActionsOnFailure = "NO">
      <BuildActionEntries>
         <BuildActionEntry
            buildForTesting = "YES"
            buildForRunning = "YES"
            buildForProfiling = "YES"
            buildForArchiving = "YES"
            buildForAnalyzing = "YES">
            <BuildableReference
               BuildableIdentifier = "primary"
               BlueprintIdentifier = "86C2F348EFEB7E7B71BD89AE"
               BuildableName = "HoloIroh.app"
               BlueprintName = "HoloIroh"
               ReferencedContainer = "container:HoloIroh.xcodeproj">
            </BuildableReference>
         </BuildActionEntry>
         <BuildActionEntry
            buildForTesting = "YES"
            buildForRunning = "NO"
            buildForProfiling = "NO"
            buildForArchiving = "NO"
            buildForAnalyzing = "NO">
            <BuildableReference
               BuildableIdentifier = "primary"
               BlueprintIdentifier = "9E401D4B07D6494922B85C9A"
               BuildableName = "HoloIrohUITests.xctest"
               BlueprintName = "HoloIrohUITests"
               ReferencedContainer = "container:HoloIroh.xcodeproj">
            </BuildableReference>
         </BuildActionEntry>
      </BuildActionEntries>
   </BuildAction>
   <TestAction
      buildConfiguration = "Debug"
      selectedDebuggerIdentifier = "Xcode.DebuggerFoundation.Debugger.LLDB"
      selectedLauncherIdentifier = "Xcode.DebuggerFoundation.Launcher.LLDB"
      shouldUseLaunchSchemeArgsEnv = "NO"
      onlyGenerateCoverageForSpecifiedTargets = "NO">
      <MacroExpansion>
         <BuildableReference
            BuildableIdentifier = "primary"
            BlueprintIdentifier = "86C2F348EFEB7E7B71BD89AE"
            BuildableName = "HoloIroh.app"
            BlueprintName = "HoloIroh"
            ReferencedContainer = "container:HoloIroh.xcodeproj">
         </BuildableReference>
      </MacroExpansion>
      <Testables>
         <TestableReference
            skipped = "NO"
            parallelizable = "NO">
            <BuildableReference
               BuildableIdentifier = "primary"
               BlueprintIdentifier = "9E401D4B07D6494922B85C9A"
               BuildableName = "HoloIrohUITests.xctest"
               BlueprintName = "HoloIrohUITests"
               ReferencedContainer = "container:HoloIroh.xcodeproj">
            </BuildableReference>
         </TestableReference>
      </Testables>
      <CommandLineArguments>
      </CommandLineArguments>
      <EnvironmentVariables>
         <EnvironmentVariable
            key = "HOLOIROH_WITNESS_INPUT_DRY_RUN_CONFIRMED"
            value = "$(HOLOIROH_WITNESS_INPUT_DRY_RUN_CONFIRMED)"
            isEnabled = "YES">
         </EnvironmentVariable>
         <EnvironmentVariable
            key = "HOLOIROH_WITNESS_PIN"
            value = "$(HOLOIROH_WITNESS_PIN)"
            isEnabled = "YES">
         </EnvironmentVariable>
         <EnvironmentVariable
            key = "HOLOIROH_WITNESS_TICKET"
            value = "$(HOLOIROH_WITNESS_TICKET)"
            isEnabled = "YES">
         </EnvironmentVariable>
         <EnvironmentVariable
            key = "HOLOIROH_WITNESS_USE_SAVED_PROFILE"
            value = "$(HOLOIROH_WITNESS_USE_SAVED_PROFILE)"
            isEnabled = "YES">
         </EnvironmentVariable>
      </EnvironmentVariables>
   </TestAction>
   <LaunchAction
      buildConfiguration = "Debug"
      selectedDebuggerIdentifier = "Xcode.DebuggerFoundation.Debugger.LLDB"
      selectedLauncherIdentifier = "Xcode.DebuggerFoundation.Launcher.LLDB"
      launchStyle = "0"
      useCustomWorkingDirectory = "NO"
      ignoresPersistentStateOnLaunch = "NO"
      debugDocumentVersioning = "YES"
      debugServiceExtension = "internal"
      allowLocationSimulation = "YES">
      <BuildableProductRunnable
         runnableDebuggingMode = "0">
         <BuildableReference
            BuildableIdentifier = "primary"
            BlueprintIdentifier = "86C2F348EFEB7E7B71BD89AE"
            BuildableName = "HoloIroh.app"
            BlueprintName = "HoloIroh"
            ReferencedContainer = "container:HoloIroh.xcodeproj">
         </BuildableReference>
      </BuildableProductRunnable>
   </LaunchAction>
   <ProfileAction
      buildConfiguration = "Release"
      shouldUseLaunchSchemeArgsEnv = "YES"
      savedToolIdentifier = ""
      useCustomWorkingDirectory = "NO"
      debugDocumentVersioning = "YES">
      <BuildableProductRunnable
         runnableDebuggingMode = "0">
         <BuildableReference
            BuildableIdentifier = "primary"
            BlueprintIdentifier = "86C2F348EFEB7E7B71BD89AE"
            BuildableName = "HoloIroh.app"
            BlueprintName = "HoloIroh"
            ReferencedContainer = "container:HoloIroh.xcodeproj">
         </BuildableReference>
      </BuildableProductRunnable>
   </ProfileAction>
   <AnalyzeAction
      buildConfiguration = "Debug">
   </AnalyzeAction>
   <ArchiveAction
      buildConfiguration = "Release"
      revealArchiveInOrganizer = "YES">
   </ArchiveAction>
</Scheme>
